
Microsoft Visual Studio Solution File, Format Version 12.00
# Visual Studio 2012
Project("{FAE04EC0-301F-11D3-BF4B-00C04F79EFBC}") = "ne znau", "ne znau\ne znau.csproj", "{4D6A0D28-A7EA-4B24-ABE1-77E1A3D80684}"
EndProject
Project("{2150E333-8FDC-42A3-9474-1A3956D46DE8}") = ".nuget", ".nuget", "{2706CA13-692A-4312-9ACF-B08A16B82E18}"
	ProjectSection(SolutionItems) = preProject
		.nuget\packages.config = .nuget\packages.config
	EndProjectSection
EndProject
Global
	GlobalSection(SolutionConfigurationPlatforms) = preSolution
		Debug|Any CPU = Debug|Any CPU
		Release|Any CPU = Release|Any CPU
	EndGlobalSection
	GlobalSection(ProjectConfigurationPlatforms) = postSolution
		{4D6A0D28-A7EA-4B24-ABE1-77E1A3D80684}.Debug|Any CPU.ActiveCfg = Debug|Any CPU
		{4D6A0D28-A7EA-4B24-ABE1-77E1A3D80684}.Debug|Any CPU.Build.0 = Debug|Any CPU
		{4D6A0D28-A7EA-4B24-ABE1-77E1A3D80684}.Release|Any CPU.ActiveCfg = Release|Any CPU
		{4D6A0D28-A7EA-4B24-ABE1-77E1A3D80684}.Release|Any CPU.Build.0 = Release|Any CPU
	EndGlobalSection
	GlobalSection(SolutionProperties) = preSolution
		HideSolutionNode = FALSE
	EndGlobalSection
EndGlobal
